
Microsoft Visual Studio Solution File, Format Version 12.00
# Visual Studio 14
VisualStudioVersion = 14.0.25420.1
MinimumVisualStudioVersion = 10.0.40219.1
Project("{2150E333-8FDC-42A3-9474-1A3956D46DE8}") = "Project", "Project", "{879C8F51-41A7-489C-A1F3-98E56A2E67BE}"
EndProject
Project("{2150E333-8FDC-42A3-9474-1A3956D46DE8}") = "Foundation", "Foundation", "{441CFFA2-0ED7-4CD8-944B-D4F2BA1EBFE4}"
	ProjectSection(SolutionItems) = preProject
		src\Foundation\README.md = src\Foundation\README.md
	EndProjectSection
EndProject
Project("{2150E333-8FDC-42A3-9474-1A3956D46DE8}") = "Feature", "Feature", "{9AF13BA8-9807-41A3-BBCF-548E5F9F3A60}"
	ProjectSection(SolutionItems) = preProject
		src\Feature\README.md = src\Feature\README.md
	EndProjectSection
EndProject
Project("{2150E333-8FDC-42A3-9474-1A3956D46DE8}") = "Configuration", "Configuration", "{D73C39CF-A4A5-49AA-9BF3-17A677F61410}"
	ProjectSection(SolutionItems) = preProject
		.gitattributes = .gitattributes
		.gitignore = .gitignore
		gulp-config.js = gulp-config.js
		gulp-config.js.example = gulp-config.js.example
		gulpfile-ci.js = gulpfile-ci.js
		gulpfile.js = gulpfile.js
		package.json = package.json
		package.xml = package.xml
		publishsettings.targets = publishsettings.targets
		publishsettings.targets.example = publishsettings.targets.example
		README.md = README.md
		WebEssentials2015-Settings.json = WebEssentials2015-Settings.json
	EndProjectSection
EndProject
Project("{2150E333-8FDC-42A3-9474-1A3956D46DE8}") = "Common", "Common", "{3E33DA08-FF81-4531-86C3-30CFB80F22EB}"
EndProject
Project("{2150E333-8FDC-42A3-9474-1A3956D46DE8}") = "DataImport", "DataImport", "{4F84DD68-1FC4-48DD-985C-993903BB2876}"
EndProject
Project("{FAE04EC0-301F-11D3-BF4B-00C04F79EFBC}") = "XC.Foundation.DataImport", "src\Foundation\DataImport\code\XC.Foundation.DataImport.csproj", "{A1103DAC-5274-47CF-81FB-4F9B86695A27}"
EndProject
Project("{FAE04EC0-301F-11D3-BF4B-00C04F79EFBC}") = "XC.Foundation.DataImport.Tests", "src\Foundation\DataImport\tests\XC.Foundation.DataImport.Tests.csproj", "{639923EF-E7D3-4A5C-9DB9-97D25E2FBA86}"
EndProject
Project("{2150E333-8FDC-42A3-9474-1A3956D46DE8}") = "Serialization", "Serialization", "{247C189A-B5A8-4B8F-A92D-BE4D2BC5075C}"
EndProject
Project("{FAE04EC0-301F-11D3-BF4B-00C04F79EFBC}") = "Sitecore.Foundation.Serialization", "src\Foundation\Serialization\code\Sitecore.Foundation.Serialization.csproj", "{007CD5DC-0030-460D-91A3-3DDEA9AB472F}"
EndProject
Project("{FAE04EC0-301F-11D3-BF4B-00C04F79EFBC}") = "XC.Project.DataImport", "src\Project\DataImport\code\XC.Project.DataImport.csproj", "{5BA9FF9F-9141-49FF-B3D2-3D96AAB35C3B}"
EndProject
Project("{2150E333-8FDC-42A3-9474-1A3956D46DE8}") = "Testing", "Testing", "{5E99A7E6-83F6-4DF3-8414-8585743D3DBC}"
EndProject
Project("{FAE04EC0-301F-11D3-BF4B-00C04F79EFBC}") = "Sitecore.Foundation.Testing", "src\Foundation\Testing\code\Sitecore.Foundation.Testing.csproj", "{7CC3D72B-4518-4B78-BE48-630A263C0F5B}"
EndProject
Global
	GlobalSection(SolutionConfigurationPlatforms) = preSolution
		Debug|Any CPU = Debug|Any CPU
		Release|Any CPU = Release|Any CPU
	EndGlobalSection
	GlobalSection(ProjectConfigurationPlatforms) = postSolution
		{A1103DAC-5274-47CF-81FB-4F9B86695A27}.Debug|Any CPU.ActiveCfg = Debug|Any CPU
		{A1103DAC-5274-47CF-81FB-4F9B86695A27}.Debug|Any CPU.Build.0 = Debug|Any CPU
		{A1103DAC-5274-47CF-81FB-4F9B86695A27}.Release|Any CPU.ActiveCfg = Release|Any CPU
		{A1103DAC-5274-47CF-81FB-4F9B86695A27}.Release|Any CPU.Build.0 = Release|Any CPU
		{639923EF-E7D3-4A5C-9DB9-97D25E2FBA86}.Debug|Any CPU.ActiveCfg = Debug|Any CPU
		{639923EF-E7D3-4A5C-9DB9-97D25E2FBA86}.Debug|Any CPU.Build.0 = Debug|Any CPU
		{639923EF-E7D3-4A5C-9DB9-97D25E2FBA86}.Release|Any CPU.ActiveCfg = Release|Any CPU
		{639923EF-E7D3-4A5C-9DB9-97D25E2FBA86}.Release|Any CPU.Build.0 = Release|Any CPU
		{007CD5DC-0030-460D-91A3-3DDEA9AB472F}.Debug|Any CPU.ActiveCfg = Debug|Any CPU
		{007CD5DC-0030-460D-91A3-3DDEA9AB472F}.Debug|Any CPU.Build.0 = Debug|Any CPU
		{007CD5DC-0030-460D-91A3-3DDEA9AB472F}.Release|Any CPU.ActiveCfg = Release|Any CPU
		{007CD5DC-0030-460D-91A3-3DDEA9AB472F}.Release|Any CPU.Build.0 = Release|Any CPU
		{5BA9FF9F-9141-49FF-B3D2-3D96AAB35C3B}.Debug|Any CPU.ActiveCfg = Debug|Any CPU
		{5BA9FF9F-9141-49FF-B3D2-3D96AAB35C3B}.Debug|Any CPU.Build.0 = Debug|Any CPU
		{5BA9FF9F-9141-49FF-B3D2-3D96AAB35C3B}.Release|Any CPU.ActiveCfg = Release|Any CPU
		{5BA9FF9F-9141-49FF-B3D2-3D96AAB35C3B}.Release|Any CPU.Build.0 = Release|Any CPU
		{7CC3D72B-4518-4B78-BE48-630A263C0F5B}.Debug|Any CPU.ActiveCfg = Debug|Any CPU
		{7CC3D72B-4518-4B78-BE48-630A263C0F5B}.Debug|Any CPU.Build.0 = Debug|Any CPU
		{7CC3D72B-4518-4B78-BE48-630A263C0F5B}.Release|Any CPU.ActiveCfg = Release|Any CPU
		{7CC3D72B-4518-4B78-BE48-630A263C0F5B}.Release|Any CPU.Build.0 = Release|Any CPU
	EndGlobalSection
	GlobalSection(SolutionProperties) = preSolution
		HideSolutionNode = FALSE
	EndGlobalSection
	GlobalSection(NestedProjects) = preSolution
		{3E33DA08-FF81-4531-86C3-30CFB80F22EB} = {879C8F51-41A7-489C-A1F3-98E56A2E67BE}
		{4F84DD68-1FC4-48DD-985C-993903BB2876} = {441CFFA2-0ED7-4CD8-944B-D4F2BA1EBFE4}
		{A1103DAC-5274-47CF-81FB-4F9B86695A27} = {4F84DD68-1FC4-48DD-985C-993903BB2876}
		{639923EF-E7D3-4A5C-9DB9-97D25E2FBA86} = {4F84DD68-1FC4-48DD-985C-993903BB2876}
		{247C189A-B5A8-4B8F-A92D-BE4D2BC5075C} = {441CFFA2-0ED7-4CD8-944B-D4F2BA1EBFE4}
		{007CD5DC-0030-460D-91A3-3DDEA9AB472F} = {247C189A-B5A8-4B8F-A92D-BE4D2BC5075C}
		{5BA9FF9F-9141-49FF-B3D2-3D96AAB35C3B} = {3E33DA08-FF81-4531-86C3-30CFB80F22EB}
		{5E99A7E6-83F6-4DF3-8414-8585743D3DBC} = {441CFFA2-0ED7-4CD8-944B-D4F2BA1EBFE4}
		{7CC3D72B-4518-4B78-BE48-630A263C0F5B} = {5E99A7E6-83F6-4DF3-8414-8585743D3DBC}
	EndGlobalSection
EndGlobal
