
Microsoft Visual Studio Solution File, Format Version 12.00
# Visual Studio 14
VisualStudioVersion = 14.0.25420.1
MinimumVisualStudioVersion = 10.0.40219.1
Project("{FAE04EC0-301F-11D3-BF4B-00C04F79EFBC}") = "XC.DataImport", "XC.DataImport\XC.DataImport.csproj", "{1CAFCFAC-F40B-417E-9500-3DA9D0F007A8}"
EndProject
Project("{FAE04EC0-301F-11D3-BF4B-00C04F79EFBC}") = "XC.DataImport.Repositories", "XC.DataImport.Repositories\XC.DataImport.Repositories.csproj", "{D9520514-C0EA-4345-A4E3-7F03D511E6FC}"
EndProject
Project("{2150E333-8FDC-42A3-9474-1A3956D46DE8}") = "References", "References", "{E18AF668-73DD-4627-91FA-AD3C45E5454C}"
EndProject
Project("{2150E333-8FDC-42A3-9474-1A3956D46DE8}") = "Sitecore", "Sitecore", "{88CB95C2-27EE-4752-8A97-8D2BA17DFEA7}"
	ProjectSection(SolutionItems) = preProject
		References\Sitecore\Facebook.xml = References\Sitecore\Facebook.xml
		References\Sitecore\FacebookAPI.dll = References\Sitecore\FacebookAPI.dll
		References\Sitecore\Google.Apis.Authentication.OAuth2.dll = References\Sitecore\Google.Apis.Authentication.OAuth2.dll
		References\Sitecore\Google.Apis.dll = References\Sitecore\Google.Apis.dll
		References\Sitecore\Google.Apis.Plus.v1.dll = References\Sitecore\Google.Apis.Plus.v1.dll
		References\Sitecore\Hammock.ClientProfile.dll = References\Sitecore\Hammock.ClientProfile.dll
		References\Sitecore\HtmlAgilityPack.dll = References\Sitecore\HtmlAgilityPack.dll
		References\Sitecore\HtmlAgilityPack.xml = References\Sitecore\HtmlAgilityPack.xml
		References\Sitecore\ICSharpCode.SharpZipLib.dll = References\Sitecore\ICSharpCode.SharpZipLib.dll
		References\Sitecore\Iesi.Collections.dll = References\Sitecore\Iesi.Collections.dll
		References\Sitecore\ITHit.WebDAV.Server.dll = References\Sitecore\ITHit.WebDAV.Server.dll
		References\Sitecore\ITHit.WebDAV.Server.lic = References\Sitecore\ITHit.WebDAV.Server.lic
		References\Sitecore\LoggerService.asmx = References\Sitecore\LoggerService.asmx
		References\Sitecore\Lucene.Net.Contrib.Analyzers.dll = References\Sitecore\Lucene.Net.Contrib.Analyzers.dll
		References\Sitecore\Lucene.Net.Contrib.Analyzers.xml = References\Sitecore\Lucene.Net.Contrib.Analyzers.xml
		References\Sitecore\Lucene.Net.Contrib.Core.dll = References\Sitecore\Lucene.Net.Contrib.Core.dll
		References\Sitecore\Lucene.Net.Contrib.Core.xml = References\Sitecore\Lucene.Net.Contrib.Core.xml
		References\Sitecore\Lucene.Net.Contrib.FastVectorHighlighter.dll = References\Sitecore\Lucene.Net.Contrib.FastVectorHighlighter.dll
		References\Sitecore\Lucene.Net.Contrib.FastVectorHighlighter.xml = References\Sitecore\Lucene.Net.Contrib.FastVectorHighlighter.xml
		References\Sitecore\Lucene.Net.Contrib.Highlighter.dll = References\Sitecore\Lucene.Net.Contrib.Highlighter.dll
		References\Sitecore\Lucene.Net.Contrib.Highlighter.xml = References\Sitecore\Lucene.Net.Contrib.Highlighter.xml
		References\Sitecore\Lucene.Net.Contrib.Memory.dll = References\Sitecore\Lucene.Net.Contrib.Memory.dll
		References\Sitecore\Lucene.Net.Contrib.Memory.xml = References\Sitecore\Lucene.Net.Contrib.Memory.xml
		References\Sitecore\Lucene.Net.Contrib.Queries.dll = References\Sitecore\Lucene.Net.Contrib.Queries.dll
		References\Sitecore\Lucene.Net.Contrib.Queries.xml = References\Sitecore\Lucene.Net.Contrib.Queries.xml
		References\Sitecore\Lucene.Net.Contrib.Regex.dll = References\Sitecore\Lucene.Net.Contrib.Regex.dll
		References\Sitecore\Lucene.Net.Contrib.Regex.xml = References\Sitecore\Lucene.Net.Contrib.Regex.xml
		References\Sitecore\Lucene.Net.Contrib.SimpleFacetedSearch.dll = References\Sitecore\Lucene.Net.Contrib.SimpleFacetedSearch.dll
		References\Sitecore\Lucene.Net.Contrib.SimpleFacetedSearch.xml = References\Sitecore\Lucene.Net.Contrib.SimpleFacetedSearch.xml
		References\Sitecore\Lucene.Net.Contrib.Snowball.dll = References\Sitecore\Lucene.Net.Contrib.Snowball.dll
		References\Sitecore\Lucene.Net.Contrib.Snowball.xml = References\Sitecore\Lucene.Net.Contrib.Snowball.xml
		References\Sitecore\Lucene.Net.Contrib.SpellChecker.dll = References\Sitecore\Lucene.Net.Contrib.SpellChecker.dll
		References\Sitecore\Lucene.Net.Contrib.SpellChecker.xml = References\Sitecore\Lucene.Net.Contrib.SpellChecker.xml
		References\Sitecore\Lucene.Net.dll = References\Sitecore\Lucene.Net.dll
		References\Sitecore\Lucene.Net.xml = References\Sitecore\Lucene.Net.xml
		References\Sitecore\MarkdownSharp.dll = References\Sitecore\MarkdownSharp.dll
		References\Sitecore\Microsoft.AspNet.WebApi.Extensions.Compression.Server.dll = References\Sitecore\Microsoft.AspNet.WebApi.Extensions.Compression.Server.dll
		References\Sitecore\Microsoft.Extensions.DependencyInjection.Abstractions.dll = References\Sitecore\Microsoft.Extensions.DependencyInjection.Abstractions.dll
		References\Sitecore\Microsoft.Extensions.DependencyInjection.Abstractions.xml = References\Sitecore\Microsoft.Extensions.DependencyInjection.Abstractions.xml
		References\Sitecore\Microsoft.Extensions.DependencyInjection.dll = References\Sitecore\Microsoft.Extensions.DependencyInjection.dll
		References\Sitecore\Microsoft.Extensions.DependencyInjection.xml = References\Sitecore\Microsoft.Extensions.DependencyInjection.xml
		References\Sitecore\Microsoft.OData.Core.dll = References\Sitecore\Microsoft.OData.Core.dll
		References\Sitecore\Microsoft.OData.Core.xml = References\Sitecore\Microsoft.OData.Core.xml
		References\Sitecore\Microsoft.OData.Edm.dll = References\Sitecore\Microsoft.OData.Edm.dll
		References\Sitecore\Microsoft.OData.Edm.xml = References\Sitecore\Microsoft.OData.Edm.xml
		References\Sitecore\Microsoft.Practices.ServiceLocation.dll = References\Sitecore\Microsoft.Practices.ServiceLocation.dll
		References\Sitecore\Microsoft.Practices.ServiceLocation.xml = References\Sitecore\Microsoft.Practices.ServiceLocation.xml
		References\Sitecore\Microsoft.Spatial.dll = References\Sitecore\Microsoft.Spatial.dll
		References\Sitecore\Microsoft.Spatial.xml = References\Sitecore\Microsoft.Spatial.xml
		References\Sitecore\Microsoft.Web.Infrastructure.dll = References\Sitecore\Microsoft.Web.Infrastructure.dll
		References\Sitecore\MongoDB.Bson.dll = References\Sitecore\MongoDB.Bson.dll
		References\Sitecore\MongoDB.Bson.xml = References\Sitecore\MongoDB.Bson.xml
		References\Sitecore\MongoDB.Driver.dll = References\Sitecore\MongoDB.Driver.dll
		References\Sitecore\MongoDB.Driver.xml = References\Sitecore\MongoDB.Driver.xml
		References\Sitecore\Mvp.Xml.dll = References\Sitecore\Mvp.Xml.dll
		References\Sitecore\Netbiscuits.OnPremise.dll = References\Sitecore\Netbiscuits.OnPremise.dll
		References\Sitecore\Newtonsoft.Json.dll = References\Sitecore\Newtonsoft.Json.dll
		References\Sitecore\Newtonsoft.Json.xml = References\Sitecore\Newtonsoft.Json.xml
		References\Sitecore\OAuthLinkedIn.dll = References\Sitecore\OAuthLinkedIn.dll
		References\Sitecore\protobuf-net.dll = References\Sitecore\protobuf-net.dll
		References\Sitecore\RadEditor.Net2.dll = References\Sitecore\RadEditor.Net2.dll
		References\Sitecore\RazorGenerator.Mvc.dll = References\Sitecore\RazorGenerator.Mvc.dll
		References\Sitecore\Sitecore.Abstractions.dll = References\Sitecore\Sitecore.Abstractions.dll
		References\Sitecore\Sitecore.Abstractions.xml = References\Sitecore\Sitecore.Abstractions.xml
		References\Sitecore\Sitecore.Analytics.Aggregation.dll = References\Sitecore\Sitecore.Analytics.Aggregation.dll
		References\Sitecore\Sitecore.Analytics.Automation.Aggregation.dll = References\Sitecore\Sitecore.Analytics.Automation.Aggregation.dll
		References\Sitecore\Sitecore.Analytics.Automation.dll = References\Sitecore\Sitecore.Analytics.Automation.dll
		References\Sitecore\Sitecore.Analytics.Automation.MongoDB.dll = References\Sitecore\Sitecore.Analytics.Automation.MongoDB.dll
		References\Sitecore\Sitecore.Analytics.Core.dll = References\Sitecore\Sitecore.Analytics.Core.dll
		References\Sitecore\Sitecore.Analytics.DataAccess.dll = References\Sitecore\Sitecore.Analytics.DataAccess.dll
		References\Sitecore\Sitecore.Analytics.dll = References\Sitecore\Sitecore.Analytics.dll
		References\Sitecore\Sitecore.Analytics.Model.dll = References\Sitecore\Sitecore.Analytics.Model.dll
		References\Sitecore\Sitecore.Analytics.MongoDB.dll = References\Sitecore\Sitecore.Analytics.MongoDB.dll
		References\Sitecore\Sitecore.Analytics.OmniChannel.dll = References\Sitecore\Sitecore.Analytics.OmniChannel.dll
		References\Sitecore\Sitecore.Analytics.Outcome.dll = References\Sitecore\Sitecore.Analytics.Outcome.dll
		References\Sitecore\Sitecore.Analytics.Processing.dll = References\Sitecore\Sitecore.Analytics.Processing.dll
		References\Sitecore\Sitecore.Analytics.RobotDetection.dll = References\Sitecore\Sitecore.Analytics.RobotDetection.dll
		References\Sitecore\Sitecore.Analytics.Sql.dll = References\Sitecore\Sitecore.Analytics.Sql.dll
		References\Sitecore\Sitecore.Apps.Loader.dll = References\Sitecore\Sitecore.Apps.Loader.dll
		References\Sitecore\Sitecore.Buckets.Client.dll = References\Sitecore\Sitecore.Buckets.Client.dll
		References\Sitecore\Sitecore.Buckets.dll = References\Sitecore\Sitecore.Buckets.dll
		References\Sitecore\Sitecore.CES.DeviceDetection.dll = References\Sitecore\Sitecore.CES.DeviceDetection.dll
		References\Sitecore\Sitecore.CES.DeviceDetection.Rules.dll = References\Sitecore\Sitecore.CES.DeviceDetection.Rules.dll
		References\Sitecore\Sitecore.CES.dll = References\Sitecore\Sitecore.CES.dll
		References\Sitecore\Sitecore.CES.GeoIp.dll = References\Sitecore\Sitecore.CES.GeoIp.dll
		References\Sitecore\Sitecore.CES.GeoIp.LegacyLocation.dll = References\Sitecore\Sitecore.CES.GeoIp.LegacyLocation.dll
		References\Sitecore\Sitecore.Cintel.Client.dll = References\Sitecore\Sitecore.Cintel.Client.dll
		References\Sitecore\Sitecore.Cintel.dll = References\Sitecore\Sitecore.Cintel.dll
		References\Sitecore\Sitecore.Client.dll = References\Sitecore\Sitecore.Client.dll
		References\Sitecore\Sitecore.Client.LicenseOptions.dll = References\Sitecore\Sitecore.Client.LicenseOptions.dll
		References\Sitecore\Sitecore.Client.xml = References\Sitecore\Sitecore.Client.xml
		References\Sitecore\Sitecore.Cloud.ContentSearch.dll = References\Sitecore\Sitecore.Cloud.ContentSearch.dll
		References\Sitecore\Sitecore.Cloud.Nexus.dll = References\Sitecore\Sitecore.Cloud.Nexus.dll
		References\Sitecore\Sitecore.Cloud.RestClient.dll = References\Sitecore\Sitecore.Cloud.RestClient.dll
		References\Sitecore\Sitecore.Cloud.Xdb.dll = References\Sitecore\Sitecore.Cloud.Xdb.dll
		References\Sitecore\Sitecore.Commerce.dll = References\Sitecore\Sitecore.Commerce.dll
		References\Sitecore\Sitecore.Commerce.ExperienceAnalytics.dll = References\Sitecore\Sitecore.Commerce.ExperienceAnalytics.dll
		References\Sitecore\Sitecore.Commerce.ExperienceProfile.dll = References\Sitecore\Sitecore.Commerce.ExperienceProfile.dll
		References\Sitecore\Sitecore.ContentSearch.Analytics.Client.dll = References\Sitecore\Sitecore.ContentSearch.Analytics.Client.dll
		References\Sitecore\Sitecore.ContentSearch.Analytics.dll = References\Sitecore\Sitecore.ContentSearch.Analytics.dll
		References\Sitecore\Sitecore.ContentSearch.Client.dll = References\Sitecore\Sitecore.ContentSearch.Client.dll
		References\Sitecore\Sitecore.ContentSearch.dll = References\Sitecore\Sitecore.ContentSearch.dll
		References\Sitecore\Sitecore.ContentSearch.Linq.dll = References\Sitecore\Sitecore.ContentSearch.Linq.dll
		References\Sitecore\Sitecore.ContentSearch.Linq.Lucene.dll = References\Sitecore\Sitecore.ContentSearch.Linq.Lucene.dll
		References\Sitecore\Sitecore.ContentSearch.Linq.Solr.dll = References\Sitecore\Sitecore.ContentSearch.Linq.Solr.dll
		References\Sitecore\Sitecore.ContentSearch.LuceneProvider.dll = References\Sitecore\Sitecore.ContentSearch.LuceneProvider.dll
		References\Sitecore\Sitecore.ContentSearch.SolrProvider.dll = References\Sitecore\Sitecore.ContentSearch.SolrProvider.dll
		References\Sitecore\Sitecore.ContentTesting.dll = References\Sitecore\Sitecore.ContentTesting.dll
		References\Sitecore\Sitecore.ContentTesting.Intelligence.dll = References\Sitecore\Sitecore.ContentTesting.Intelligence.dll
		References\Sitecore\Sitecore.ContentTesting.Model.dll = References\Sitecore\Sitecore.ContentTesting.Model.dll
		References\Sitecore\Sitecore.ContentTesting.Mvc.dll = References\Sitecore\Sitecore.ContentTesting.Mvc.dll
		References\Sitecore\Sitecore.ControlPanel.dll = References\Sitecore\Sitecore.ControlPanel.dll
		References\Sitecore\Sitecore.DataExchange.DataAccess.dll = References\Sitecore\Sitecore.DataExchange.DataAccess.dll
		References\Sitecore\Sitecore.DataExchange.dll = References\Sitecore\Sitecore.DataExchange.dll
		References\Sitecore\Sitecore.DataExchange.Local.dll = References\Sitecore\Sitecore.DataExchange.Local.dll
		References\Sitecore\Sitecore.DataExchange.Providers.Sc.dll = References\Sitecore\Sitecore.DataExchange.Providers.Sc.dll
		References\Sitecore\Sitecore.DataExchange.Providers.Sc.Local.dll = References\Sitecore\Sitecore.DataExchange.Providers.Sc.Local.dll
		References\Sitecore\Sitecore.ExperienceAnalytics.Aggregation.dll = References\Sitecore\Sitecore.ExperienceAnalytics.Aggregation.dll
		References\Sitecore\Sitecore.ExperienceAnalytics.Api.dll = References\Sitecore\Sitecore.ExperienceAnalytics.Api.dll
		References\Sitecore\Sitecore.ExperienceAnalytics.Client.dll = References\Sitecore\Sitecore.ExperienceAnalytics.Client.dll
		References\Sitecore\Sitecore.ExperienceAnalytics.Core.dll = References\Sitecore\Sitecore.ExperienceAnalytics.Core.dll
		References\Sitecore\Sitecore.ExperienceAnalytics.dll = References\Sitecore\Sitecore.ExperienceAnalytics.dll
		References\Sitecore\Sitecore.ExperienceAnalytics.ReAggregation.dll = References\Sitecore\Sitecore.ExperienceAnalytics.ReAggregation.dll
		References\Sitecore\Sitecore.ExperienceAnalytics.Reduce.dll = References\Sitecore\Sitecore.ExperienceAnalytics.Reduce.dll
		References\Sitecore\Sitecore.ExperienceContentManagement.Administration.dll = References\Sitecore\Sitecore.ExperienceContentManagement.Administration.dll
		References\Sitecore\Sitecore.ExperienceEditor.dll = References\Sitecore\Sitecore.ExperienceEditor.dll
		References\Sitecore\Sitecore.ExperienceEditor.Speak.dll = References\Sitecore\Sitecore.ExperienceEditor.Speak.dll
		References\Sitecore\Sitecore.ExperienceEditor.Speak.Ribbon.dll = References\Sitecore\Sitecore.ExperienceEditor.Speak.Ribbon.dll
		References\Sitecore\Sitecore.ExperienceExplorer.Business.dll = References\Sitecore\Sitecore.ExperienceExplorer.Business.dll
		References\Sitecore\Sitecore.ExperienceExplorer.Web.dll = References\Sitecore\Sitecore.ExperienceExplorer.Web.dll
		References\Sitecore\Sitecore.FXM.Client.dll = References\Sitecore\Sitecore.FXM.Client.dll
		References\Sitecore\Sitecore.FXM.dll = References\Sitecore\Sitecore.FXM.dll
		References\Sitecore\Sitecore.FXM.Service.dll = References\Sitecore\Sitecore.FXM.Service.dll
		References\Sitecore\Sitecore.FXM.Speak.dll = References\Sitecore\Sitecore.FXM.Speak.dll
		References\Sitecore\Sitecore.ItemWebApi.dll = References\Sitecore\Sitecore.ItemWebApi.dll
		References\Sitecore\Sitecore.Kernel.dll = References\Sitecore\Sitecore.Kernel.dll
		References\Sitecore\Sitecore.Kernel.xml = References\Sitecore\Sitecore.Kernel.xml
		References\Sitecore\Sitecore.LaunchPad.dll = References\Sitecore\Sitecore.LaunchPad.dll
		References\Sitecore\Sitecore.ListManagement.Analytics.dll = References\Sitecore\Sitecore.ListManagement.Analytics.dll
		References\Sitecore\Sitecore.ListManagement.Client.dll = References\Sitecore\Sitecore.ListManagement.Client.dll
		References\Sitecore\Sitecore.ListManagement.ContentSearch.dll = References\Sitecore\Sitecore.ListManagement.ContentSearch.dll
		References\Sitecore\Sitecore.ListManagement.dll = References\Sitecore\Sitecore.ListManagement.dll
		References\Sitecore\Sitecore.ListManagement.Services.dll = References\Sitecore\Sitecore.ListManagement.Services.dll
		References\Sitecore\Sitecore.Logging.Client.dll = References\Sitecore\Sitecore.Logging.Client.dll
		References\Sitecore\Sitecore.Logging.dll = References\Sitecore\Sitecore.Logging.dll
		References\Sitecore\Sitecore.Logging.xml = References\Sitecore\Sitecore.Logging.xml
		References\Sitecore\Sitecore.Marketing.Campaigns.Client.dll = References\Sitecore\Sitecore.Marketing.Campaigns.Client.dll
		References\Sitecore\Sitecore.Marketing.Campaigns.Services.dll = References\Sitecore\Sitecore.Marketing.Campaigns.Services.dll
		References\Sitecore\Sitecore.Marketing.Client.dll = References\Sitecore\Sitecore.Marketing.Client.dll
		References\Sitecore\Sitecore.Marketing.Core.dll = References\Sitecore\Sitecore.Marketing.Core.dll
		References\Sitecore\Sitecore.Marketing.Definitions.MarketingAssets.Repositories.dll = References\Sitecore\Sitecore.Marketing.Definitions.MarketingAssets.Repositories.dll
		References\Sitecore\Sitecore.Marketing.dll = References\Sitecore\Sitecore.Marketing.dll
		References\Sitecore\Sitecore.Marketing.Search.dll = References\Sitecore\Sitecore.Marketing.Search.dll
		References\Sitecore\Sitecore.Marketing.Taxonomy.dll = References\Sitecore\Sitecore.Marketing.Taxonomy.dll
		References\Sitecore\Sitecore.Mvc.Analytics.dll = References\Sitecore\Sitecore.Mvc.Analytics.dll
		References\Sitecore\Sitecore.Mvc.DeviceSimulator.dll = References\Sitecore\Sitecore.Mvc.DeviceSimulator.dll
		References\Sitecore\Sitecore.Mvc.dll = References\Sitecore\Sitecore.Mvc.dll
		References\Sitecore\Sitecore.Mvc.ExperienceEditor.dll = References\Sitecore\Sitecore.Mvc.ExperienceEditor.dll
		References\Sitecore\Sitecore.Nexus.dll = References\Sitecore\Sitecore.Nexus.dll
		References\Sitecore\Sitecore.NVelocity.dll = References\Sitecore\Sitecore.NVelocity.dll
		References\Sitecore\Sitecore.NVelocity.xml = References\Sitecore\Sitecore.NVelocity.xml
		References\Sitecore\Sitecore.Oracle.dll = References\Sitecore\Sitecore.Oracle.dll
		References\Sitecore\Sitecore.PathAnalyzer.Client.dll = References\Sitecore\Sitecore.PathAnalyzer.Client.dll
		References\Sitecore\Sitecore.PathAnalyzer.dll = References\Sitecore\Sitecore.PathAnalyzer.dll
		References\Sitecore\Sitecore.PathAnalyzer.Services.dll = References\Sitecore\Sitecore.PathAnalyzer.Services.dll
		References\Sitecore\Sitecore.Publishing.WebDeploy.dll = References\Sitecore\Sitecore.Publishing.WebDeploy.dll
		References\Sitecore\Sitecore.Security.AntiCsrf.dll = References\Sitecore\Sitecore.Security.AntiCsrf.dll
		References\Sitecore\Sitecore.SegmentBuilder.dll = References\Sitecore\Sitecore.SegmentBuilder.dll
		References\Sitecore\Sitecore.SequenceAnalyzer.dll = References\Sitecore\Sitecore.SequenceAnalyzer.dll
		References\Sitecore\Sitecore.Services.Client.dll = References\Sitecore\Sitecore.Services.Client.dll
		References\Sitecore\Sitecore.Services.Core.dll = References\Sitecore\Sitecore.Services.Core.dll
		References\Sitecore\Sitecore.Services.Infrastructure.dll = References\Sitecore\Sitecore.Services.Infrastructure.dll
		References\Sitecore\Sitecore.Services.Infrastructure.Sitecore.dll = References\Sitecore\Sitecore.Services.Infrastructure.Sitecore.dll
		References\Sitecore\Sitecore.SessionProvider.dll = References\Sitecore\Sitecore.SessionProvider.dll
		References\Sitecore\Sitecore.SessionProvider.Memory.dll = References\Sitecore\Sitecore.SessionProvider.Memory.dll
		References\Sitecore\Sitecore.SessionProvider.MongoDB.dll = References\Sitecore\Sitecore.SessionProvider.MongoDB.dll
		References\Sitecore\Sitecore.SessionProvider.Sql.dll = References\Sitecore\Sitecore.SessionProvider.Sql.dll
		References\Sitecore\Sitecore.Shell.MarketingAutomation.dll = References\Sitecore\Sitecore.Shell.MarketingAutomation.dll
		References\Sitecore\Sitecore.Social.Api.dll = References\Sitecore\Sitecore.Social.Api.dll
		References\Sitecore\Sitecore.Social.Api.xml = References\Sitecore\Sitecore.Social.Api.xml
		References\Sitecore\Sitecore.Social.Client.Api.dll = References\Sitecore\Sitecore.Social.Client.Api.dll
		References\Sitecore\Sitecore.Social.Client.Api.xml = References\Sitecore\Sitecore.Social.Client.Api.xml
		References\Sitecore\Sitecore.Social.Client.Common.dll = References\Sitecore\Sitecore.Social.Client.Common.dll
		References\Sitecore\Sitecore.Social.Client.Common.xml = References\Sitecore\Sitecore.Social.Client.Common.xml
		References\Sitecore\Sitecore.Social.Client.dll = References\Sitecore\Sitecore.Social.Client.dll
		References\Sitecore\Sitecore.Social.Client.Domain.dll = References\Sitecore\Sitecore.Social.Client.Domain.dll
		References\Sitecore\Sitecore.Social.Client.Domain.xml = References\Sitecore\Sitecore.Social.Client.Domain.xml
		References\Sitecore\Sitecore.Social.Client.Mvc.dll = References\Sitecore\Sitecore.Social.Client.Mvc.dll
		References\Sitecore\Sitecore.Social.Client.Speak.dll = References\Sitecore\Sitecore.Social.Client.Speak.dll
		References\Sitecore\Sitecore.Social.Configuration.dll = References\Sitecore\Sitecore.Social.Configuration.dll
		References\Sitecore\Sitecore.Social.Configuration.xml = References\Sitecore\Sitecore.Social.Configuration.xml
		References\Sitecore\Sitecore.Social.dll = References\Sitecore\Sitecore.Social.dll
		References\Sitecore\Sitecore.Social.Domain.dll = References\Sitecore\Sitecore.Social.Domain.dll
		References\Sitecore\Sitecore.Social.Domain.xml = References\Sitecore\Sitecore.Social.Domain.xml
		References\Sitecore\Sitecore.Social.ExperienceProfile.Client.dll = References\Sitecore\Sitecore.Social.ExperienceProfile.Client.dll
		References\Sitecore\Sitecore.Social.Facebook.Api.dll = References\Sitecore\Sitecore.Social.Facebook.Api.dll
		References\Sitecore\Sitecore.Social.Facebook.Api.xml = References\Sitecore\Sitecore.Social.Facebook.Api.xml
		References\Sitecore\Sitecore.Social.Facebook.Client.dll = References\Sitecore\Sitecore.Social.Facebook.Client.dll
		References\Sitecore\Sitecore.Social.Facebook.Client.Mvc.dll = References\Sitecore\Sitecore.Social.Facebook.Client.Mvc.dll
		References\Sitecore\Sitecore.Social.Facebook.dll = References\Sitecore\Sitecore.Social.Facebook.dll
		References\Sitecore\Sitecore.Social.Facebook.xml = References\Sitecore\Sitecore.Social.Facebook.xml
		References\Sitecore\Sitecore.Social.GooglePlus.Client.dll = References\Sitecore\Sitecore.Social.GooglePlus.Client.dll
		References\Sitecore\Sitecore.Social.GooglePlus.Client.Mvc.dll = References\Sitecore\Sitecore.Social.GooglePlus.Client.Mvc.dll
		References\Sitecore\Sitecore.Social.GooglePlus.dll = References\Sitecore\Sitecore.Social.GooglePlus.dll
		References\Sitecore\Sitecore.Social.GooglePlus.xml = References\Sitecore\Sitecore.Social.GooglePlus.xml
		References\Sitecore\Sitecore.Social.Infrastructure.dll = References\Sitecore\Sitecore.Social.Infrastructure.dll
		References\Sitecore\Sitecore.Social.Infrastructure.Logging.dll = References\Sitecore\Sitecore.Social.Infrastructure.Logging.dll
		References\Sitecore\Sitecore.Social.Infrastructure.Logging.xml = References\Sitecore\Sitecore.Social.Infrastructure.Logging.xml
		References\Sitecore\Sitecore.Social.Infrastructure.xml = References\Sitecore\Sitecore.Social.Infrastructure.xml
		References\Sitecore\Sitecore.Social.Installation.dll = References\Sitecore\Sitecore.Social.Installation.dll
		References\Sitecore\Sitecore.Social.Klout.Api.dll = References\Sitecore\Sitecore.Social.Klout.Api.dll
		References\Sitecore\Sitecore.Social.Klout.Api.xml = References\Sitecore\Sitecore.Social.Klout.Api.xml
		References\Sitecore\Sitecore.Social.Klout.Client.dll = References\Sitecore\Sitecore.Social.Klout.Client.dll
		References\Sitecore\Sitecore.Social.Klout.Client.xml = References\Sitecore\Sitecore.Social.Klout.Client.xml
		References\Sitecore\Sitecore.Social.LinkedIn.Client.dll = References\Sitecore\Sitecore.Social.LinkedIn.Client.dll
		References\Sitecore\Sitecore.Social.LinkedIn.Client.Mvc.dll = References\Sitecore\Sitecore.Social.LinkedIn.Client.Mvc.dll
		References\Sitecore\Sitecore.Social.LinkedIn.dll = References\Sitecore\Sitecore.Social.LinkedIn.dll
		References\Sitecore\Sitecore.Social.LinkedIn.xml = References\Sitecore\Sitecore.Social.LinkedIn.xml
		References\Sitecore\Sitecore.Social.NetworkProviders.dll = References\Sitecore\Sitecore.Social.NetworkProviders.dll
		References\Sitecore\Sitecore.Social.SitecoreAccess.dll = References\Sitecore\Sitecore.Social.SitecoreAccess.dll
		References\Sitecore\Sitecore.Social.SocialMarketer.Api.dll = References\Sitecore\Sitecore.Social.SocialMarketer.Api.dll
		References\Sitecore\Sitecore.Social.SocialMarketer.Api.xml = References\Sitecore\Sitecore.Social.SocialMarketer.Api.xml
		References\Sitecore\Sitecore.Social.SocialMarketer.Client.dll = References\Sitecore\Sitecore.Social.SocialMarketer.Client.dll
		References\Sitecore\Sitecore.Social.SocialMarketer.dll = References\Sitecore\Sitecore.Social.SocialMarketer.dll
		References\Sitecore\Sitecore.Social.Twitter.Api.dll = References\Sitecore\Sitecore.Social.Twitter.Api.dll
		References\Sitecore\Sitecore.Social.Twitter.Api.xml = References\Sitecore\Sitecore.Social.Twitter.Api.xml
		References\Sitecore\Sitecore.Social.Twitter.Client.dll = References\Sitecore\Sitecore.Social.Twitter.Client.dll
		References\Sitecore\Sitecore.Social.Twitter.Client.Mvc.dll = References\Sitecore\Sitecore.Social.Twitter.Client.Mvc.dll
		References\Sitecore\Sitecore.Social.Twitter.dll = References\Sitecore\Sitecore.Social.Twitter.dll
		References\Sitecore\Sitecore.Social.Twitter.xml = References\Sitecore\Sitecore.Social.Twitter.xml
		References\Sitecore\Sitecore.Social.xml = References\Sitecore\Sitecore.Social.xml
		References\Sitecore\Sitecore.Speak.Applications.dll = References\Sitecore\Sitecore.Speak.Applications.dll
		References\Sitecore\Sitecore.Speak.Client.dll = References\Sitecore\Sitecore.Speak.Client.dll
		References\Sitecore\Sitecore.Speak.Components.dll = References\Sitecore\Sitecore.Speak.Components.dll
		References\Sitecore\Sitecore.Speak.Components.Guidance.dll = References\Sitecore\Sitecore.Speak.Components.Guidance.dll
		References\Sitecore\Sitecore.Speak.Components.Web.dll = References\Sitecore\Sitecore.Speak.Components.Web.dll
		References\Sitecore\Sitecore.Speak.ItemWebApi.dll = References\Sitecore\Sitecore.Speak.ItemWebApi.dll
		References\Sitecore\Sitecore.Speak.Web.dll = References\Sitecore\Sitecore.Speak.Web.dll
		References\Sitecore\Sitecore.Update.dll = References\Sitecore\Sitecore.Update.dll
		References\Sitecore\Sitecore.Web.dll = References\Sitecore\Sitecore.Web.dll
		References\Sitecore\Sitecore.Xdb.Client.dll = References\Sitecore\Sitecore.Xdb.Client.dll
		References\Sitecore\Sitecore.Xdb.Configuration.dll = References\Sitecore\Sitecore.Xdb.Configuration.dll
		References\Sitecore\Sitecore.Zip.dll = References\Sitecore\Sitecore.Zip.dll
		References\Sitecore\Sitecore.Zip.xml = References\Sitecore\Sitecore.Zip.xml
		References\Sitecore\SolrNet.dll = References\Sitecore\SolrNet.dll
		References\Sitecore\SolrNet.xml = References\Sitecore\SolrNet.xml
		References\Sitecore\Stimulsoft.Base.dll = References\Sitecore\Stimulsoft.Base.dll
		References\Sitecore\Stimulsoft.Database.dll = References\Sitecore\Stimulsoft.Database.dll
		References\Sitecore\Stimulsoft.Report.dll = References\Sitecore\Stimulsoft.Report.dll
		References\Sitecore\Stimulsoft.Report.Web.dll = References\Sitecore\Stimulsoft.Report.Web.dll
		References\Sitecore\Stimulsoft.Report.WebDesign.dll = References\Sitecore\Stimulsoft.Report.WebDesign.dll
		References\Sitecore\System.IdentityModel.Tokens.Jwt.dll = References\Sitecore\System.IdentityModel.Tokens.Jwt.dll
		References\Sitecore\System.IdentityModel.Tokens.Jwt.xml = References\Sitecore\System.IdentityModel.Tokens.Jwt.xml
		References\Sitecore\System.Net.Http.Extensions.Compression.Core.dll = References\Sitecore\System.Net.Http.Extensions.Compression.Core.dll
		References\Sitecore\System.Net.Http.Formatting.dll = References\Sitecore\System.Net.Http.Formatting.dll
		References\Sitecore\System.Net.Http.Formatting.xml = References\Sitecore\System.Net.Http.Formatting.xml
		References\Sitecore\System.Web.Cors.dll = References\Sitecore\System.Web.Cors.dll
		References\Sitecore\System.Web.Helpers.dll = References\Sitecore\System.Web.Helpers.dll
		References\Sitecore\System.Web.Helpers.xml = References\Sitecore\System.Web.Helpers.xml
		References\Sitecore\System.Web.Http.Cors.dll = References\Sitecore\System.Web.Http.Cors.dll
		References\Sitecore\System.Web.Http.Cors.xml = References\Sitecore\System.Web.Http.Cors.xml
		References\Sitecore\System.Web.Http.dll = References\Sitecore\System.Web.Http.dll
		References\Sitecore\System.Web.Http.WebHost.dll = References\Sitecore\System.Web.Http.WebHost.dll
		References\Sitecore\System.Web.Http.WebHost.xml = References\Sitecore\System.Web.Http.WebHost.xml
		References\Sitecore\System.Web.Http.xml = References\Sitecore\System.Web.Http.xml
		References\Sitecore\System.Web.Mvc.dll = References\Sitecore\System.Web.Mvc.dll
		References\Sitecore\System.Web.Mvc.xml = References\Sitecore\System.Web.Mvc.xml
		References\Sitecore\System.Web.OData.dll = References\Sitecore\System.Web.OData.dll
		References\Sitecore\System.Web.OData.xml = References\Sitecore\System.Web.OData.xml
		References\Sitecore\System.Web.Optimization.dll = References\Sitecore\System.Web.Optimization.dll
		References\Sitecore\System.Web.Optimization.xml = References\Sitecore\System.Web.Optimization.xml
		References\Sitecore\System.Web.Razor.dll = References\Sitecore\System.Web.Razor.dll
		References\Sitecore\System.Web.Razor.xml = References\Sitecore\System.Web.Razor.xml
		References\Sitecore\System.Web.WebPages.Deployment.dll = References\Sitecore\System.Web.WebPages.Deployment.dll
		References\Sitecore\System.Web.WebPages.Deployment.xml = References\Sitecore\System.Web.WebPages.Deployment.xml
		References\Sitecore\System.Web.WebPages.dll = References\Sitecore\System.Web.WebPages.dll
		References\Sitecore\System.Web.WebPages.Razor.dll = References\Sitecore\System.Web.WebPages.Razor.dll
		References\Sitecore\System.Web.WebPages.Razor.xml = References\Sitecore\System.Web.WebPages.Razor.xml
		References\Sitecore\System.Web.WebPages.xml = References\Sitecore\System.Web.WebPages.xml
		References\Sitecore\Telerik.Web.UI.dll = References\Sitecore\Telerik.Web.UI.dll
		References\Sitecore\Telerik.Web.UI.Skins.dll = References\Sitecore\Telerik.Web.UI.Skins.dll
		References\Sitecore\Telerik.Web.UI.xml = References\Sitecore\Telerik.Web.UI.xml
		References\Sitecore\TweetSharp.dll = References\Sitecore\TweetSharp.dll
		References\Sitecore\WebActivatorEx.dll = References\Sitecore\WebActivatorEx.dll
		References\Sitecore\WebGrease.dll = References\Sitecore\WebGrease.dll
		References\Sitecore\Yahoo.Yui.Compressor.dll = References\Sitecore\Yahoo.Yui.Compressor.dll
	EndProjectSection
EndProject
Global
	GlobalSection(SolutionConfigurationPlatforms) = preSolution
		Debug|Any CPU = Debug|Any CPU
		Release|Any CPU = Release|Any CPU
	EndGlobalSection
	GlobalSection(ProjectConfigurationPlatforms) = postSolution
		{1CAFCFAC-F40B-417E-9500-3DA9D0F007A8}.Debug|Any CPU.ActiveCfg = Debug|Any CPU
		{1CAFCFAC-F40B-417E-9500-3DA9D0F007A8}.Debug|Any CPU.Build.0 = Debug|Any CPU
		{1CAFCFAC-F40B-417E-9500-3DA9D0F007A8}.Release|Any CPU.ActiveCfg = Release|Any CPU
		{1CAFCFAC-F40B-417E-9500-3DA9D0F007A8}.Release|Any CPU.Build.0 = Release|Any CPU
		{D9520514-C0EA-4345-A4E3-7F03D511E6FC}.Debug|Any CPU.ActiveCfg = Debug|Any CPU
		{D9520514-C0EA-4345-A4E3-7F03D511E6FC}.Debug|Any CPU.Build.0 = Debug|Any CPU
		{D9520514-C0EA-4345-A4E3-7F03D511E6FC}.Release|Any CPU.ActiveCfg = Release|Any CPU
		{D9520514-C0EA-4345-A4E3-7F03D511E6FC}.Release|Any CPU.Build.0 = Release|Any CPU
	EndGlobalSection
	GlobalSection(SolutionProperties) = preSolution
		HideSolutionNode = FALSE
	EndGlobalSection
	GlobalSection(NestedProjects) = preSolution
		{88CB95C2-27EE-4752-8A97-8D2BA17DFEA7} = {E18AF668-73DD-4627-91FA-AD3C45E5454C}
	EndGlobalSection
EndGlobal
