
Microsoft Visual Studio Solution File, Format Version 12.00
# Visual Studio 15
VisualStudioVersion = 15.0.26730.12
MinimumVisualStudioVersion = 10.0.40219.1
Project("{2150E333-8FDC-42A3-9474-1A3956D46DE8}") = "Project", "Project", "{879C8F51-41A7-489C-A1F3-98E56A2E67BE}"
EndProject
Project("{2150E333-8FDC-42A3-9474-1A3956D46DE8}") = "Foundation", "Foundation", "{441CFFA2-0ED7-4CD8-944B-D4F2BA1EBFE4}"
	ProjectSection(SolutionItems) = preProject
		src\Foundation\README.md = src\Foundation\README.md
	EndProjectSection
EndProject
Project("{2150E333-8FDC-42A3-9474-1A3956D46DE8}") = "Feature", "Feature", "{9AF13BA8-9807-41A3-BBCF-548E5F9F3A60}"
	ProjectSection(SolutionItems) = preProject
		src\Feature\README.md = src\Feature\README.md
	EndProjectSection
EndProject
Project("{2150E333-8FDC-42A3-9474-1A3956D46DE8}") = "Configuration", "Configuration", "{D73C39CF-A4A5-49AA-9BF3-17A677F61410}"
	ProjectSection(SolutionItems) = preProject
		.gitattributes = .gitattributes
		.gitignore = .gitignore
		gulp-config.js = gulp-config.js
		gulp-config.js.example = gulp-config.js.example
		gulpfile-ci.js = gulpfile-ci.js
		gulpfile.js = gulpfile.js
		package.json = package.json
		package.xml = package.xml
		publishsettings.targets = publishsettings.targets
		publishsettings.targets.example = publishsettings.targets.example
		README.md = README.md
		WebEssentials2015-Settings.json = WebEssentials2015-Settings.json
		src\Project\DataImport\code\App_Config\Include\Project\zzz.XC.DataImport.DevSettings.config.example = src\Project\DataImport\code\App_Config\Include\Project\zzz.XC.DataImport.DevSettings.config.example
	EndProjectSection
EndProject
Project("{2150E333-8FDC-42A3-9474-1A3956D46DE8}") = "DataImport", "DataImport", "{3E33DA08-FF81-4531-86C3-30CFB80F22EB}"
EndProject
Project("{2150E333-8FDC-42A3-9474-1A3956D46DE8}") = "DataImport", "DataImport", "{4F84DD68-1FC4-48DD-985C-993903BB2876}"
EndProject
Project("{FAE04EC0-301F-11D3-BF4B-00C04F79EFBC}") = "XC.Foundation.DataImport", "src\Foundation\DataImport\code\XC.Foundation.DataImport.csproj", "{A1103DAC-5274-47CF-81FB-4F9B86695A27}"
EndProject
Project("{FAE04EC0-301F-11D3-BF4B-00C04F79EFBC}") = "XC.Foundation.DataImport.Tests", "src\Foundation\DataImport\tests\XC.Foundation.DataImport.Tests.csproj", "{639923EF-E7D3-4A5C-9DB9-97D25E2FBA86}"
EndProject
Project("{2150E333-8FDC-42A3-9474-1A3956D46DE8}") = "Serialization", "Serialization", "{247C189A-B5A8-4B8F-A92D-BE4D2BC5075C}"
EndProject
Project("{FAE04EC0-301F-11D3-BF4B-00C04F79EFBC}") = "Sitecore.Foundation.Serialization", "src\Foundation\Serialization\code\Sitecore.Foundation.Serialization.csproj", "{007CD5DC-0030-460D-91A3-3DDEA9AB472F}"
EndProject
Project("{FAE04EC0-301F-11D3-BF4B-00C04F79EFBC}") = "XC.Project.DataImport", "src\Project\DataImport\code\XC.Project.DataImport.csproj", "{5BA9FF9F-9141-49FF-B3D2-3D96AAB35C3B}"
EndProject
Project("{2150E333-8FDC-42A3-9474-1A3956D46DE8}") = "AHA", "AHA", "{526804B7-1284-447A-82F2-2EE40537C434}"
EndProject
Project("{FAE04EC0-301F-11D3-BF4B-00C04F79EFBC}") = "Aha.Project.DataImport", "src\Project\AHA\code\Aha.Project.DataImport.csproj", "{01A170F9-01DA-4A47-B76D-FE94A58C1579}"
EndProject
Global
	GlobalSection(SolutionConfigurationPlatforms) = preSolution
		Debug|Any CPU = Debug|Any CPU
		Release|Any CPU = Release|Any CPU
	EndGlobalSection
	GlobalSection(ProjectConfigurationPlatforms) = postSolution
		{A1103DAC-5274-47CF-81FB-4F9B86695A27}.Debug|Any CPU.ActiveCfg = Debug|Any CPU
		{A1103DAC-5274-47CF-81FB-4F9B86695A27}.Debug|Any CPU.Build.0 = Debug|Any CPU
		{A1103DAC-5274-47CF-81FB-4F9B86695A27}.Release|Any CPU.ActiveCfg = Release|Any CPU
		{A1103DAC-5274-47CF-81FB-4F9B86695A27}.Release|Any CPU.Build.0 = Release|Any CPU
		{639923EF-E7D3-4A5C-9DB9-97D25E2FBA86}.Debug|Any CPU.ActiveCfg = Debug|Any CPU
		{639923EF-E7D3-4A5C-9DB9-97D25E2FBA86}.Debug|Any CPU.Build.0 = Debug|Any CPU
		{639923EF-E7D3-4A5C-9DB9-97D25E2FBA86}.Release|Any CPU.ActiveCfg = Release|Any CPU
		{639923EF-E7D3-4A5C-9DB9-97D25E2FBA86}.Release|Any CPU.Build.0 = Release|Any CPU
		{007CD5DC-0030-460D-91A3-3DDEA9AB472F}.Debug|Any CPU.ActiveCfg = Debug|Any CPU
		{007CD5DC-0030-460D-91A3-3DDEA9AB472F}.Debug|Any CPU.Build.0 = Debug|Any CPU
		{007CD5DC-0030-460D-91A3-3DDEA9AB472F}.Release|Any CPU.ActiveCfg = Release|Any CPU
		{007CD5DC-0030-460D-91A3-3DDEA9AB472F}.Release|Any CPU.Build.0 = Release|Any CPU
		{5BA9FF9F-9141-49FF-B3D2-3D96AAB35C3B}.Debug|Any CPU.ActiveCfg = Debug|Any CPU
		{5BA9FF9F-9141-49FF-B3D2-3D96AAB35C3B}.Debug|Any CPU.Build.0 = Debug|Any CPU
		{5BA9FF9F-9141-49FF-B3D2-3D96AAB35C3B}.Release|Any CPU.ActiveCfg = Release|Any CPU
		{5BA9FF9F-9141-49FF-B3D2-3D96AAB35C3B}.Release|Any CPU.Build.0 = Release|Any CPU
		{01A170F9-01DA-4A47-B76D-FE94A58C1579}.Debug|Any CPU.ActiveCfg = Debug|Any CPU
		{01A170F9-01DA-4A47-B76D-FE94A58C1579}.Debug|Any CPU.Build.0 = Debug|Any CPU
		{01A170F9-01DA-4A47-B76D-FE94A58C1579}.Release|Any CPU.ActiveCfg = Release|Any CPU
		{01A170F9-01DA-4A47-B76D-FE94A58C1579}.Release|Any CPU.Build.0 = Release|Any CPU
	EndGlobalSection
	GlobalSection(SolutionProperties) = preSolution
		HideSolutionNode = FALSE
	EndGlobalSection
	GlobalSection(NestedProjects) = preSolution
		{3E33DA08-FF81-4531-86C3-30CFB80F22EB} = {879C8F51-41A7-489C-A1F3-98E56A2E67BE}
		{4F84DD68-1FC4-48DD-985C-993903BB2876} = {441CFFA2-0ED7-4CD8-944B-D4F2BA1EBFE4}
		{A1103DAC-5274-47CF-81FB-4F9B86695A27} = {4F84DD68-1FC4-48DD-985C-993903BB2876}
		{639923EF-E7D3-4A5C-9DB9-97D25E2FBA86} = {4F84DD68-1FC4-48DD-985C-993903BB2876}
		{247C189A-B5A8-4B8F-A92D-BE4D2BC5075C} = {441CFFA2-0ED7-4CD8-944B-D4F2BA1EBFE4}
		{007CD5DC-0030-460D-91A3-3DDEA9AB472F} = {247C189A-B5A8-4B8F-A92D-BE4D2BC5075C}
		{5BA9FF9F-9141-49FF-B3D2-3D96AAB35C3B} = {3E33DA08-FF81-4531-86C3-30CFB80F22EB}
		{526804B7-1284-447A-82F2-2EE40537C434} = {879C8F51-41A7-489C-A1F3-98E56A2E67BE}
		{01A170F9-01DA-4A47-B76D-FE94A58C1579} = {526804B7-1284-447A-82F2-2EE40537C434}
	EndGlobalSection
	GlobalSection(ExtensibilityGlobals) = postSolution
		EnterpriseLibraryConfigurationToolBinariesPathV6 = packages\EnterpriseLibrary.Common.6.0.1304.0\lib\NET45;packages\EnterpriseLibrary.TransientFaultHandling.6.0.1304.0\lib\portable-net45+win+wp8;packages\EnterpriseLibrary.TransientFaultHandling.Caching.6.0.1304.0\lib\NET45;packages\EnterpriseLibrary.TransientFaultHandling.Data.6.0.1304.1\lib\NET45;packages\EnterpriseLibrary.TransientFaultHandling.ServiceBus.6.0.1304.0\lib\NET45;packages\EnterpriseLibrary.TransientFaultHandling.WindowsAzure.Storage.6.0.1304.0\lib\NET45;packages\EnterpriseLibrary.TransientFaultHandling.Configuration.6.0.1304.0\lib\NET45
		SolutionGuid = {DD1C6A2D-F5C2-4764-B584-37F8358BE1BD}
	EndGlobalSection
EndGlobal
